// !$*UTF8*$!
{
	archiveVersion = 1;
	classes = {
	};
	objectVersion = 56;
	objects = {

/* Begin PBXBuildFile section */
		A96B04442C803CBD00F4DCD9 /* DetailTaskView.swift in Sources */ = {isa = PBXBuildFile; fileRef = A96B04432C803CBD00F4DCD9 /* DetailTaskView.swift */; };
		A9C2681F2C7FEA06006C1DB9 /* TaskDone_App.swift in Sources */ = {isa = PBXBuildFile; fileRef = A9C2681E2C7FEA06006C1DB9 /* TaskDone_App.swift */; };
		A9C268212C7FEA06006C1DB9 /* ContentView.swift in Sources */ = {isa = PBXBuildFile; fileRef = A9C268202C7FEA06006C1DB9 /* ContentView.swift */; };
		A9C268232C7FEA08006C1DB9 /* Assets.xcassets in Resources */ = {isa = PBXBuildFile; fileRef = A9C268222C7FEA08006C1DB9 /* Assets.xcassets */; };
		A9C268262C7FEA08006C1DB9 /* Preview Assets.xcassets in Resources */ = {isa = PBXBuildFile; fileRef = A9C268252C7FEA08006C1DB9 /* Preview Assets.xcassets */; };
		A9C268282C7FEA08006C1DB9 /* Persistence.swift in Sources */ = {isa = PBXBuildFile; fileRef = A9C268272C7FEA08006C1DB9 /* Persistence.swift */; };
		A9C2682B2C7FEA08006C1DB9 /* TaskDone_.xcdatamodeld in Sources */ = {isa = PBXBuildFile; fileRef = A9C268292C7FEA08006C1DB9 /* TaskDone_.xcdatamodeld */; };
		A9C268352C7FEA08006C1DB9 /* TaskDone_Tests.swift in Sources */ = {isa = PBXBuildFile; fileRef = A9C268342C7FEA08006C1DB9 /* TaskDone_Tests.swift */; };
		A9C2683F2C7FEA08006C1DB9 /* TaskDone_UITests.swift in Sources */ = {isa = PBXBuildFile; fileRef = A9C2683E2C7FEA08006C1DB9 /* TaskDone_UITests.swift */; };
		A9C268412C7FEA08006C1DB9 /* TaskDone_UITestsLaunchTests.swift in Sources */ = {isa = PBXBuildFile; fileRef = A9C268402C7FEA08006C1DB9 /* TaskDone_UITestsLaunchTests.swift */; };
		A9C2684E2C7FF2DB006C1DB9 /* CreateTaskView.swift in Sources */ = {isa = PBXBuildFile; fileRef = A9C2684D2C7FF2DB006C1DB9 /* CreateTaskView.swift */; };
/* End PBXBuildFile section */

/* Begin PBXContainerItemProxy section */
		A9C268312C7FEA08006C1DB9 /* PBXContainerItemProxy */ = {
			isa = PBXContainerItemProxy;
			containerPortal = A9C268132C7FEA06006C1DB9 /* Project object */;
			proxyType = 1;
			remoteGlobalIDString = A9C2681A2C7FEA06006C1DB9;
			remoteInfo = "TaskDone!";
		};
		A9C2683B2C7FEA08006C1DB9 /* PBXContainerItemProxy */ = {
			isa = PBXContainerItemProxy;
			containerPortal = A9C268132C7FEA06006C1DB9 /* Project object */;
			proxyType = 1;
			remoteGlobalIDString = A9C2681A2C7FEA06006C1DB9;
			remoteInfo = "TaskDone!";
		};
/* End PBXContainerItemProxy section */

/* Begin PBXFileReference section */
		A96B04432C803CBD00F4DCD9 /* DetailTaskView.swift */ = {isa = PBXFileReference; lastKnownFileType = sourcecode.swift; path = DetailTaskView.swift; sourceTree = "<group>"; };
		A9C2681B2C7FEA06006C1DB9 /* TaskDone!.app */ = {isa = PBXFileReference; explicitFileType = wrapper.application; includeInIndex = 0; path = "TaskDone!.app"; sourceTree = BUILT_PRODUCTS_DIR; };
		A9C2681E2C7FEA06006C1DB9 /* TaskDone_App.swift */ = {isa = PBXFileReference; lastKnownFileType = sourcecode.swift; path = TaskDone_App.swift; sourceTree = "<group>"; };
		A9C268202C7FEA06006C1DB9 /* ContentView.swift */ = {isa = PBXFileReference; lastKnownFileType = sourcecode.swift; path = ContentView.swift; sourceTree = "<group>"; };
		A9C268222C7FEA08006C1DB9 /* Assets.xcassets */ = {isa = PBXFileReference; lastKnownFileType = folder.assetcatalog; path = Assets.xcassets; sourceTree = "<group>"; };
		A9C268252C7FEA08006C1DB9 /* Preview Assets.xcassets */ = {isa = PBXFileReference; lastKnownFileType = folder.assetcatalog; path = "Preview Assets.xcassets"; sourceTree = "<group>"; };
		A9C268272C7FEA08006C1DB9 /* Persistence.swift */ = {isa = PBXFileReference; lastKnownFileType = sourcecode.swift; path = Persistence.swift; sourceTree = "<group>"; };
		A9C2682A2C7FEA08006C1DB9 /* TaskDone_.xcdatamodel */ = {isa = PBXFileReference; lastKnownFileType = wrapper.xcdatamodel; path = TaskDone_.xcdatamodel; sourceTree = "<group>"; };
		A9C268302C7FEA08006C1DB9 /* TaskDone!Tests.xctest */ = {isa = PBXFileReference; explicitFileType = wrapper.cfbundle; includeInIndex = 0; path = "TaskDone!Tests.xctest"; sourceTree = BUILT_PRODUCTS_DIR; };
		A9C268342C7FEA08006C1DB9 /* TaskDone_Tests.swift */ = {isa = PBXFileReference; lastKnownFileType = sourcecode.swift; path = TaskDone_Tests.swift; sourceTree = "<group>"; };
		A9C2683A2C7FEA08006C1DB9 /* TaskDone!UITests.xctest */ = {isa = PBXFileReference; explicitFileType = wrapper.cfbundle; includeInIndex = 0; path = "TaskDone!UITests.xctest"; sourceTree = BUILT_PRODUCTS_DIR; };
		A9C2683E2C7FEA08006C1DB9 /* TaskDone_UITests.swift */ = {isa = PBXFileReference; lastKnownFileType = sourcecode.swift; path = TaskDone_UITests.swift; sourceTree = "<group>"; };
		A9C268402C7FEA08006C1DB9 /* TaskDone_UITestsLaunchTests.swift */ = {isa = PBXFileReference; lastKnownFileType = sourcecode.swift; path = TaskDone_UITestsLaunchTests.swift; sourceTree = "<group>"; };
		A9C2684D2C7FF2DB006C1DB9 /* CreateTaskView.swift */ = {isa = PBXFileReference; lastKnownFileType = sourcecode.swift; path = CreateTaskView.swift; sourceTree = "<group>"; };
/* End PBXFileReference section */

/* Begin PBXFrameworksBuildPhase section */
		A9C268182C7FEA06006C1DB9 /* Frameworks */ = {
			isa = PBXFrameworksBuildPhase;
			buildActionMask = 2147483647;
			files = (
			);
			runOnlyForDeploymentPostprocessing = 0;
		};
		A9C2682D2C7FEA08006C1DB9 /* Frameworks */ = {
			isa = PBXFrameworksBuildPhase;
			buildActionMask = 2147483647;
			files = (
			);
			runOnlyForDeploymentPostprocessing = 0;
		};
		A9C268372C7FEA08006C1DB9 /* Frameworks */ = {
			isa = PBXFrameworksBuildPhase;
			buildActionMask = 2147483647;
			files = (
			);
			runOnlyForDeploymentPostprocessing = 0;
		};
/* End PBXFrameworksBuildPhase section */

/* Begin PBXGroup section */
		A9C268122C7FEA06006C1DB9 = {
			isa = PBXGroup;
			children = (
				A9C2681D2C7FEA06006C1DB9 /* TaskDone! */,
				A9C268332C7FEA08006C1DB9 /* TaskDone!Tests */,
				A9C2683D2C7FEA08006C1DB9 /* TaskDone!UITests */,
				A9C2681C2C7FEA06006C1DB9 /* Products */,
			);
			sourceTree = "<group>";
		};
		A9C2681C2C7FEA06006C1DB9 /* Products */ = {
			isa = PBXGroup;
			children = (
				A9C2681B2C7FEA06006C1DB9 /* TaskDone!.app */,
				A9C268302C7FEA08006C1DB9 /* TaskDone!Tests.xctest */,
				A9C2683A2C7FEA08006C1DB9 /* TaskDone!UITests.xctest */,
			);
			name = Products;
			sourceTree = "<group>";
		};
		A9C2681D2C7FEA06006C1DB9 /* TaskDone! */ = {
			isa = PBXGroup;
			children = (
				A9C2681E2C7FEA06006C1DB9 /* TaskDone_App.swift */,
				A9C268202C7FEA06006C1DB9 /* ContentView.swift */,
				A9C2684D2C7FF2DB006C1DB9 /* CreateTaskView.swift */,
				A96B04432C803CBD00F4DCD9 /* DetailTaskView.swift */,
				A9C268222C7FEA08006C1DB9 /* Assets.xcassets */,
				A9C268272C7FEA08006C1DB9 /* Persistence.swift */,
				A9C268292C7FEA08006C1DB9 /* TaskDone_.xcdatamodeld */,
				A9C268242C7FEA08006C1DB9 /* Preview Content */,
			);
			path = "TaskDone!";
			sourceTree = "<group>";
		};
		A9C268242C7FEA08006C1DB9 /* Preview Content */ = {
			isa = PBXGroup;
			children = (
				A9C268252C7FEA08006C1DB9 /* Preview Assets.xcassets */,
			);
			path = "Preview Content";
			sourceTree = "<group>";
		};
		A9C268332C7FEA08006C1DB9 /* TaskDone!Tests */ = {
			isa = PBXGroup;
			children = (
				A9C268342C7FEA08006C1DB9 /* TaskDone_Tests.swift */,
			);
			path = "TaskDone!Tests";
			sourceTree = "<group>";
		};
		A9C2683D2C7FEA08006C1DB9 /* TaskDone!UITests */ = {
			isa = PBXGroup;
			children = (
				A9C2683E2C7FEA08006C1DB9 /* TaskDone_UITests.swift */,
				A9C268402C7FEA08006C1DB9 /* TaskDone_UITestsLaunchTests.swift */,
			);
			path = "TaskDone!UITests";
			sourceTree = "<group>";
		};
/* End PBXGroup section */

/* Begin PBXNativeTarget section */
		A9C2681A2C7FEA06006C1DB9 /* TaskDone! */ = {
			isa = PBXNativeTarget;
			buildConfigurationList = A9C268442C7FEA08006C1DB9 /* Build configuration list for PBXNativeTarget "TaskDone!" */;
			buildPhases = (
				A9C268172C7FEA06006C1DB9 /* Sources */,
				A9C268182C7FEA06006C1DB9 /* Frameworks */,
				A9C268192C7FEA06006C1DB9 /* Resources */,
			);
			buildRules = (
			);
			dependencies = (
			);
			name = "TaskDone!";
			productName = "TaskDone!";
			productReference = A9C2681B2C7FEA06006C1DB9 /* TaskDone!.app */;
			productType = "com.apple.product-type.application";
		};
		A9C2682F2C7FEA08006C1DB9 /* TaskDone!Tests */ = {
			isa = PBXNativeTarget;
			buildConfigurationList = A9C268472C7FEA08006C1DB9 /* Build configuration list for PBXNativeTarget "TaskDone!Tests" */;
			buildPhases = (
				A9C2682C2C7FEA08006C1DB9 /* Sources */,
				A9C2682D2C7FEA08006C1DB9 /* Frameworks */,
				A9C2682E2C7FEA08006C1DB9 /* Resources */,
			);
			buildRules = (
			);
			dependencies = (
				A9C268322C7FEA08006C1DB9 /* PBXTargetDependency */,
			);
			name = "TaskDone!Tests";
			productName = "TaskDone!Tests";
			productReference = A9C268302C7FEA08006C1DB9 /* TaskDone!Tests.xctest */;
			productType = "com.apple.product-type.bundle.unit-test";
		};
		A9C268392C7FEA08006C1DB9 /* TaskDone!UITests */ = {
			isa = PBXNativeTarget;
			buildConfigurationList = A9C2684A2C7FEA08006C1DB9 /* Build configuration list for PBXNativeTarget "TaskDone!UITests" */;
			buildPhases = (
				A9C268362C7FEA08006C1DB9 /* Sources */,
				A9C268372C7FEA08006C1DB9 /* Frameworks */,
				A9C268382C7FEA08006C1DB9 /* Resources */,
			);
			buildRules = (
			);
			dependencies = (
				A9C2683C2C7FEA08006C1DB9 /* PBXTargetDependency */,
			);
			name = "TaskDone!UITests";
			productName = "TaskDone!UITests";
			productReference = A9C2683A2C7FEA08006C1DB9 /* TaskDone!UITests.xctest */;
			productType = "com.apple.product-type.bundle.ui-testing";
		};
/* End PBXNativeTarget section */

/* Begin PBXProject section */
		A9C268132C7FEA06006C1DB9 /* Project object */ = {
			isa = PBXProject;
			attributes = {
				BuildIndependentTargetsInParallel = 1;
				LastSwiftUpdateCheck = 1540;
				LastUpgradeCheck = 1540;
				TargetAttributes = {
					A9C2681A2C7FEA06006C1DB9 = {
						CreatedOnToolsVersion = 15.4;
					};
					A9C2682F2C7FEA08006C1DB9 = {
						CreatedOnToolsVersion = 15.4;
						TestTargetID = A9C2681A2C7FEA06006C1DB9;
					};
					A9C268392C7FEA08006C1DB9 = {
						CreatedOnToolsVersion = 15.4;
						TestTargetID = A9C2681A2C7FEA06006C1DB9;
					};
				};
			};
			buildConfigurationList = A9C268162C7FEA06006C1DB9 /* Build configuration list for PBXProject "TaskDone!" */;
			compatibilityVersion = "Xcode 14.0";
			developmentRegion = en;
			hasScannedForEncodings = 0;
			knownRegions = (
				en,
				Base,
			);
			mainGroup = A9C268122C7FEA06006C1DB9;
			productRefGroup = A9C2681C2C7FEA06006C1DB9 /* Products */;
			projectDirPath = "";
			projectRoot = "";
			targets = (
				A9C2681A2C7FEA06006C1DB9 /* TaskDone! */,
				A9C2682F2C7FEA08006C1DB9 /* TaskDone!Tests */,
				A9C268392C7FEA08006C1DB9 /* TaskDone!UITests */,
			);
		};
/* End PBXProject section */

/* Begin PBXResourcesBuildPhase section */
		A9C268192C7FEA06006C1DB9 /* Resources */ = {
			isa = PBXResourcesBuildPhase;
			buildActionMask = 2147483647;
			files = (
				A9C268262C7FEA08006C1DB9 /* Preview Assets.xcassets in Resources */,
				A9C268232C7FEA08006C1DB9 /* Assets.xcassets in Resources */,
			);
			runOnlyForDeploymentPostprocessing = 0;
		};
		A9C2682E2C7FEA08006C1DB9 /* Resources */ = {
			isa = PBXResourcesBuildPhase;
			buildActionMask = 2147483647;
			files = (
			);
			runOnlyForDeploymentPostprocessing = 0;
		};
		A9C268382C7FEA08006C1DB9 /* Resources */ = {
			isa = PBXResourcesBuildPhase;
			buildActionMask = 2147483647;
			files = (
			);
			runOnlyForDeploymentPostprocessing = 0;
		};
/* End PBXResourcesBuildPhase section */

/* Begin PBXSourcesBuildPhase section */
		A9C268172C7FEA06006C1DB9 /* Sources */ = {
			isa = PBXSourcesBuildPhase;
			buildActionMask = 2147483647;
			files = (
				A9C268282C7FEA08006C1DB9 /* Persistence.swift in Sources */,
				A9C2684E2C7FF2DB006C1DB9 /* CreateTaskView.swift in Sources */,
				A96B04442C803CBD00F4DCD9 /* DetailTaskView.swift in Sources */,
				A9C268212C7FEA06006C1DB9 /* ContentView.swift in Sources */,
				A9C2682B2C7FEA08006C1DB9 /* TaskDone_.xcdatamodeld in Sources */,
				A9C2681F2C7FEA06006C1DB9 /* TaskDone_App.swift in Sources */,
			);
			runOnlyForDeploymentPostprocessing = 0;
		};
		A9C2682C2C7FEA08006C1DB9 /* Sources */ = {
			isa = PBXSourcesBuildPhase;
			buildActionMask = 2147483647;
			files = (
				A9C268352C7FEA08006C1DB9 /* TaskDone_Tests.swift in Sources */,
			);
			runOnlyForDeploymentPostprocessing = 0;
		};
		A9C268362C7FEA08006C1DB9 /* Sources */ = {
			isa = PBXSourcesBuildPhase;
			buildActionMask = 2147483647;
			files = (
				A9C2683F2C7FEA08006C1DB9 /* TaskDone_UITests.swift in Sources */,
				A9C268412C7FEA08006C1DB9 /* TaskDone_UITestsLaunchTests.swift in Sources */,
			);
			runOnlyForDeploymentPostprocessing = 0;
		};
/* End PBXSourcesBuildPhase section */

/* Begin PBXTargetDependency section */
		A9C268322C7FEA08006C1DB9 /* PBXTargetDependency */ = {
			isa = PBXTargetDependency;
			target = A9C2681A2C7FEA06006C1DB9 /* TaskDone! */;
			targetProxy = A9C268312C7FEA08006C1DB9 /* PBXContainerItemProxy */;
		};
		A9C2683C2C7FEA08006C1DB9 /* PBXTargetDependency */ = {
			isa = PBXTargetDependency;
			target = A9C2681A2C7FEA06006C1DB9 /* TaskDone! */;
			targetProxy = A9C2683B2C7FEA08006C1DB9 /* PBXContainerItemProxy */;
		};
/* End PBXTargetDependency section */

/* Begin XCBuildConfiguration section */
		A9C268422C7FEA08006C1DB9 /* Debug */ = {
			isa = XCBuildConfiguration;
			buildSettings = {
				ALWAYS_SEARCH_USER_PATHS = NO;
				ASSETCATALOG_COMPILER_GENERATE_SWIFT_ASSET_SYMBOL_EXTENSIONS = YES;
				CLANG_ANALYZER_NONNULL = YES;
				CLANG_ANALYZER_NUMBER_OBJECT_CONVERSION = YES_AGGRESSIVE;
				CLANG_CXX_LANGUAGE_STANDARD = "gnu++20";
				CLANG_ENABLE_MODULES = YES;
				CLANG_ENABLE_OBJC_ARC = YES;
				CLANG_ENABLE_OBJC_WEAK = YES;
				CLANG_WARN_BLOCK_CAPTURE_AUTORELEASING = YES;
				CLANG_WARN_BOOL_CONVERSION = YES;
				CLANG_WARN_COMMA = YES;
				CLANG_WARN_CONSTANT_CONVERSION = YES;
				CLANG_WARN_DEPRECATED_OBJC_IMPLEMENTATIONS = YES;
				CLANG_WARN_DIRECT_OBJC_ISA_USAGE = YES_ERROR;
				CLANG_WARN_DOCUMENTATION_COMMENTS = YES;
				CLANG_WARN_EMPTY_BODY = YES;
				CLANG_WARN_ENUM_CONVERSION = YES;
				CLANG_WARN_INFINITE_RECURSION = YES;
				CLANG_WARN_INT_CONVERSION = YES;
				CLANG_WARN_NON_LITERAL_NULL_CONVERSION = YES;
				CLANG_WARN_OBJC_IMPLICIT_RETAIN_SELF = YES;
				CLANG_WARN_OBJC_LITERAL_CONVERSION = YES;
				CLANG_WARN_OBJC_ROOT_CLASS = YES_ERROR;
				CLANG_WARN_QUOTED_INCLUDE_IN_FRAMEWORK_HEADER = YES;
				CLANG_WARN_RANGE_LOOP_ANALYSIS = YES;
				CLANG_WARN_STRICT_PROTOTYPES = YES;
				CLANG_WARN_SUSPICIOUS_MOVE = YES;
				CLANG_WARN_UNGUARDED_AVAILABILITY = YES_AGGRESSIVE;
				CLANG_WARN_UNREACHABLE_CODE = YES;
				CLANG_WARN__DUPLICATE_METHOD_MATCH = YES;
				COPY_PHASE_STRIP = NO;
				DEBUG_INFORMATION_FORMAT = dwarf;
				ENABLE_STRICT_OBJC_MSGSEND = YES;
				ENABLE_TESTABILITY = YES;
				ENABLE_USER_SCRIPT_SANDBOXING = YES;
				GCC_C_LANGUAGE_STANDARD = gnu17;
				GCC_DYNAMIC_NO_PIC = NO;
				GCC_NO_COMMON_BLOCKS = YES;
				GCC_OPTIMIZATION_LEVEL = 0;
				GCC_PREPROCESSOR_DEFINITIONS = (
					"DEBUG=1",
					"$(inherited)",
				);
				GCC_WARN_64_TO_32_BIT_CONVERSION = YES;
				GCC_WARN_ABOUT_RETURN_TYPE = YES_ERROR;
				GCC_WARN_UNDECLARED_SELECTOR = YES;
				GCC_WARN_UNINITIALIZED_AUTOS = YES_AGGRESSIVE;
				GCC_WARN_UNUSED_FUNCTION = YES;
				GCC_WARN_UNUSED_VARIABLE = YES;
				IPHONEOS_DEPLOYMENT_TARGET = 17.5;
				LOCALIZATION_PREFERS_STRING_CATALOGS = YES;
				MTL_ENABLE_DEBUG_INFO = INCLUDE_SOURCE;
				MTL_FAST_MATH = YES;
				ONLY_ACTIVE_ARCH = YES;
				SDKROOT = iphoneos;
				SWIFT_ACTIVE_COMPILATION_CONDITIONS = "DEBUG $(inherited)";
				SWIFT_OPTIMIZATION_LEVEL = "-Onone";
			};
			name = Debug;
		};
		A9C268432C7FEA08006C1DB9 /* Release */ = {
			isa = XCBuildConfiguration;
			buildSettings = {
				ALWAYS_SEARCH_USER_PATHS = NO;
				ASSETCATALOG_COMPILER_GENERATE_SWIFT_ASSET_SYMBOL_EXTENSIONS = YES;
				CLANG_ANALYZER_NONNULL = YES;
				CLANG_ANALYZER_NUMBER_OBJECT_CONVERSION = YES_AGGRESSIVE;
				CLANG_CXX_LANGUAGE_STANDARD = "gnu++20";
				CLANG_ENABLE_MODULES = YES;
				CLANG_ENABLE_OBJC_ARC = YES;
				CLANG_ENABLE_OBJC_WEAK = YES;
				CLANG_WARN_BLOCK_CAPTURE_AUTORELEASING = YES;
				CLANG_WARN_BOOL_CONVERSION = YES;
				CLANG_WARN_COMMA = YES;
				CLANG_WARN_CONSTANT_CONVERSION = YES;
				CLANG_WARN_DEPRECATED_OBJC_IMPLEMENTATIONS = YES;
				CLANG_WARN_DIRECT_OBJC_ISA_USAGE = YES_ERROR;
				CLANG_WARN_DOCUMENTATION_COMMENTS = YES;
				CLANG_WARN_EMPTY_BODY = YES;
				CLANG_WARN_ENUM_CONVERSION = YES;
				CLANG_WARN_INFINITE_RECURSION = YES;
				CLANG_WARN_INT_CONVERSION = YES;
				CLANG_WARN_NON_LITERAL_NULL_CONVERSION = YES;
				CLANG_WARN_OBJC_IMPLICIT_RETAIN_SELF = YES;
				CLANG_WARN_OBJC_LITERAL_CONVERSION = YES;
				CLANG_WARN_OBJC_ROOT_CLASS = YES_ERROR;
				CLANG_WARN_QUOTED_INCLUDE_IN_FRAMEWORK_HEADER = YES;
				CLANG_WARN_RANGE_LOOP_ANALYSIS = YES;
				CLANG_WARN_STRICT_PROTOTYPES = YES;
				CLANG_WARN_SUSPICIOUS_MOVE = YES;
				CLANG_WARN_UNGUARDED_AVAILABILITY = YES_AGGRESSIVE;
				CLANG_WARN_UNREACHABLE_CODE = YES;
				CLANG_WARN__DUPLICATE_METHOD_MATCH = YES;
				COPY_PHASE_STRIP = NO;
				DEBUG_INFORMATION_FORMAT = "dwarf-with-dsym";
				ENABLE_NS_ASSERTIONS = NO;
				ENABLE_STRICT_OBJC_MSGSEND = YES;
				ENABLE_USER_SCRIPT_SANDBOXING = YES;
				GCC_C_LANGUAGE_STANDARD = gnu17;
				GCC_NO_COMMON_BLOCKS = YES;
				GCC_WARN_64_TO_32_BIT_CONVERSION = YES;
				GCC_WARN_ABOUT_RETURN_TYPE = YES_ERROR;
				GCC_WARN_UNDECLARED_SELECTOR = YES;
				GCC_WARN_UNINITIALIZED_AUTOS = YES_AGGRESSIVE;
				GCC_WARN_UNUSED_FUNCTION = YES;
				GCC_WARN_UNUSED_VARIABLE = YES;
				IPHONEOS_DEPLOYMENT_TARGET = 17.5;
				LOCALIZATION_PREFERS_STRING_CATALOGS = YES;
				MTL_ENABLE_DEBUG_INFO = NO;
				MTL_FAST_MATH = YES;
				SDKROOT = iphoneos;
				SWIFT_COMPILATION_MODE = wholemodule;
				VALIDATE_PRODUCT = YES;
			};
			name = Release;
		};
		A9C268452C7FEA08006C1DB9 /* Debug */ = {
			isa = XCBuildConfiguration;
			buildSettings = {
				ASSETCATALOG_COMPILER_APPICON_NAME = AppIcon;
				ASSETCATALOG_COMPILER_GLOBAL_ACCENT_COLOR_NAME = AccentColor;
				CODE_SIGN_STYLE = Automatic;
				CURRENT_PROJECT_VERSION = 1;
				DEVELOPMENT_ASSET_PATHS = "\"TaskDone!/Preview Content\"";
				DEVELOPMENT_TEAM = U4C57DZC96;
				ENABLE_PREVIEWS = YES;
				GENERATE_INFOPLIST_FILE = YES;
				INFOPLIST_KEY_UIApplicationSceneManifest_Generation = YES;
				INFOPLIST_KEY_UIApplicationSupportsIndirectInputEvents = YES;
				INFOPLIST_KEY_UILaunchScreen_Generation = YES;
				INFOPLIST_KEY_UISupportedInterfaceOrientations_iPad = "UIInterfaceOrientationPortrait UIInterfaceOrientationPortraitUpsideDown UIInterfaceOrientationLandscapeLeft UIInterfaceOrientationLandscapeRight";
				INFOPLIST_KEY_UISupportedInterfaceOrientations_iPhone = "UIInterfaceOrientationPortrait UIInterfaceOrientationLandscapeLeft UIInterfaceOrientationLandscapeRight";
				LD_RUNPATH_SEARCH_PATHS = (
					"$(inherited)",
					"@executable_path/Frameworks",
				);
				MARKETING_VERSION = 1.0;
				PRODUCT_BUNDLE_IDENTIFIER = "AlexChavarB.TaskDone-";
				PRODUCT_NAME = "$(TARGET_NAME)";
				SWIFT_EMIT_LOC_STRINGS = YES;
				SWIFT_VERSION = 5.0;
				TARGETED_DEVICE_FAMILY = "1,2";
			};
			name = Debug;
		};
		A9C268462C7FEA08006C1DB9 /* Release */ = {
			isa = XCBuildConfiguration;
			buildSettings = {
				ASSETCATALOG_COMPILER_APPICON_NAME = AppIcon;
				ASSETCATALOG_COMPILER_GLOBAL_ACCENT_COLOR_NAME = AccentColor;
				CODE_SIGN_STYLE = Automatic;
				CURRENT_PROJECT_VERSION = 1;
				DEVELOPMENT_ASSET_PATHS = "\"TaskDone!/Preview Content\"";
				DEVELOPMENT_TEAM = U4C57DZC96;
				ENABLE_PREVIEWS = YES;
				GENERATE_INFOPLIST_FILE = YES;
				INFOPLIST_KEY_UIApplicationSceneManifest_Generation = YES;
				INFOPLIST_KEY_UIApplicationSupportsIndirectInputEvents = YES;
				INFOPLIST_KEY_UILaunchScreen_Generation = YES;
				INFOPLIST_KEY_UISupportedInterfaceOrientations_iPad = "UIInterfaceOrientationPortrait UIInterfaceOrientationPortraitUpsideDown UIInterfaceOrientationLandscapeLeft UIInterfaceOrientationLandscapeRight";
				INFOPLIST_KEY_UISupportedInterfaceOrientations_iPhone = "UIInterfaceOrientationPortrait UIInterfaceOrientationLandscapeLeft UIInterfaceOrientationLandscapeRight";
				LD_RUNPATH_SEARCH_PATHS = (
					"$(inherited)",
					"@executable_path/Frameworks",
				);
				MARKETING_VERSION = 1.0;
				PRODUCT_BUNDLE_IDENTIFIER = "AlexChavarB.TaskDone-";
				PRODUCT_NAME = "$(TARGET_NAME)";
				SWIFT_EMIT_LOC_STRINGS = YES;
				SWIFT_VERSION = 5.0;
				TARGETED_DEVICE_FAMILY = "1,2";
			};
			name = Release;
		};
		A9C268482C7FEA08006C1DB9 /* Debug */ = {
			isa = XCBuildConfiguration;
			buildSettings = {
				ALWAYS_EMBED_SWIFT_STANDARD_LIBRARIES = YES;
				BUNDLE_LOADER = "$(TEST_HOST)";
				CODE_SIGN_STYLE = Automatic;
				CURRENT_PROJECT_VERSION = 1;
				DEVELOPMENT_TEAM = U4C57DZC96;
				GENERATE_INFOPLIST_FILE = YES;
				IPHONEOS_DEPLOYMENT_TARGET = 17.5;
				MARKETING_VERSION = 1.0;
				PRODUCT_BUNDLE_IDENTIFIER = "AlexChavarB.TaskDone-Tests";
				PRODUCT_NAME = "$(TARGET_NAME)";
				SWIFT_EMIT_LOC_STRINGS = NO;
				SWIFT_VERSION = 5.0;
				TARGETED_DEVICE_FAMILY = "1,2";
				TEST_HOST = "$(BUILT_PRODUCTS_DIR)/TaskDone!.app/$(BUNDLE_EXECUTABLE_FOLDER_PATH)/TaskDone!";
			};
			name = Debug;
		};
		A9C268492C7FEA08006C1DB9 /* Release */ = {
			isa = XCBuildConfiguration;
			buildSettings = {
				ALWAYS_EMBED_SWIFT_STANDARD_LIBRARIES = YES;
				BUNDLE_LOADER = "$(TEST_HOST)";
				CODE_SIGN_STYLE = Automatic;
				CURRENT_PROJECT_VERSION = 1;
				DEVELOPMENT_TEAM = U4C57DZC96;
				GENERATE_INFOPLIST_FILE = YES;
				IPHONEOS_DEPLOYMENT_TARGET = 17.5;
				MARKETING_VERSION = 1.0;
				PRODUCT_BUNDLE_IDENTIFIER = "AlexChavarB.TaskDone-Tests";
				PRODUCT_NAME = "$(TARGET_NAME)";
				SWIFT_EMIT_LOC_STRINGS = NO;
				SWIFT_VERSION = 5.0;
				TARGETED_DEVICE_FAMILY = "1,2";
				TEST_HOST = "$(BUILT_PRODUCTS_DIR)/TaskDone!.app/$(BUNDLE_EXECUTABLE_FOLDER_PATH)/TaskDone!";
			};
			name = Release;
		};
		A9C2684B2C7FEA08006C1DB9 /* Debug */ = {
			isa = XCBuildConfiguration;
			buildSettings = {
				ALWAYS_EMBED_SWIFT_STANDARD_LIBRARIES = YES;
				CODE_SIGN_STYLE = Automatic;
				CURRENT_PROJECT_VERSION = 1;
				DEVELOPMENT_TEAM = U4C57DZC96;
				GENERATE_INFOPLIST_FILE = YES;
				MARKETING_VERSION = 1.0;
				PRODUCT_BUNDLE_IDENTIFIER = "AlexChavarB.TaskDone-UITests";
				PRODUCT_NAME = "$(TARGET_NAME)";
				SWIFT_EMIT_LOC_STRINGS = NO;
				SWIFT_VERSION = 5.0;
				TARGETED_DEVICE_FAMILY = "1,2";
				TEST_TARGET_NAME = "TaskDone!";
			};
			name = Debug;
		};
		A9C2684C2C7FEA08006C1DB9 /* Release */ = {
			isa = XCBuildConfiguration;
			buildSettings = {
				ALWAYS_EMBED_SWIFT_STANDARD_LIBRARIES = YES;
				CODE_SIGN_STYLE = Automatic;
				CURRENT_PROJECT_VERSION = 1;
				DEVELOPMENT_TEAM = U4C57DZC96;
				GENERATE_INFOPLIST_FILE = YES;
				MARKETING_VERSION = 1.0;
				PRODUCT_BUNDLE_IDENTIFIER = "AlexChavarB.TaskDone-UITests";
				PRODUCT_NAME = "$(TARGET_NAME)";
				SWIFT_EMIT_LOC_STRINGS = NO;
				SWIFT_VERSION = 5.0;
				TARGETED_DEVICE_FAMILY = "1,2";
				TEST_TARGET_NAME = "TaskDone!";
			};
			name = Release;
		};
/* End XCBuildConfiguration section */

/* Begin XCConfigurationList section */
		A9C268162C7FEA06006C1DB9 /* Build configuration list for PBXProject "TaskDone!" */ = {
			isa = XCConfigurationList;
			buildConfigurations = (
				A9C268422C7FEA08006C1DB9 /* Debug */,
				A9C268432C7FEA08006C1DB9 /* Release */,
			);
			defaultConfigurationIsVisible = 0;
			defaultConfigurationName = Release;
		};
		A9C268442C7FEA08006C1DB9 /* Build configuration list for PBXNativeTarget "TaskDone!" */ = {
			isa = XCConfigurationList;
			buildConfigurations = (
				A9C268452C7FEA08006C1DB9 /* Debug */,
				A9C268462C7FEA08006C1DB9 /* Release */,
			);
			defaultConfigurationIsVisible = 0;
			defaultConfigurationName = Release;
		};
		A9C268472C7FEA08006C1DB9 /* Build configuration list for PBXNativeTarget "TaskDone!Tests" */ = {
			isa = XCConfigurationList;
			buildConfigurations = (
				A9C268482C7FEA08006C1DB9 /* Debug */,
				A9C268492C7FEA08006C1DB9 /* Release */,
			);
			defaultConfigurationIsVisible = 0;
			defaultConfigurationName = Release;
		};
		A9C2684A2C7FEA08006C1DB9 /* Build configuration list for PBXNativeTarget "TaskDone!UITests" */ = {
			isa = XCConfigurationList;
			buildConfigurations = (
				A9C2684B2C7FEA08006C1DB9 /* Debug */,
				A9C2684C2C7FEA08006C1DB9 /* Release */,
			);
			defaultConfigurationIsVisible = 0;
			defaultConfigurationName = Release;
		};
/* End XCConfigurationList section */

/* Begin XCVersionGroup section */
		A9C268292C7FEA08006C1DB9 /* TaskDone_.xcdatamodeld */ = {
			isa = XCVersionGroup;
			children = (
				A9C2682A2C7FEA08006C1DB9 /* TaskDone_.xcdatamodel */,
			);
			currentVersion = A9C2682A2C7FEA08006C1DB9 /* TaskDone_.xcdatamodel */;
			path = TaskDone_.xcdatamodeld;
			sourceTree = "<group>";
			versionGroupType = wrapper.xcdatamodel;
		};
/* End XCVersionGroup section */
	};
	rootObject = A9C268132C7FEA06006C1DB9 /* Project object */;
}
