// !$*UTF8*$!
{
	archiveVersion = 1;
	classes = {
	};
	objectVersion = 77;
	objects = {

/* Begin PBXContainerItemProxy section */
		A98BF7722D0A667F00272D95 /* PBXContainerItemProxy */ = {
			isa = PBXContainerItemProxy;
			containerPortal = A98BF7542D0A667D00272D95 /* Project object */;
			proxyType = 1;
			remoteGlobalIDString = A98BF75B2D0A667D00272D95;
			remoteInfo = TaskDone;
		};
		A98BF77C2D0A667F00272D95 /* PBXContainerItemProxy */ = {
			isa = PBXContainerItemProxy;
			containerPortal = A98BF7542D0A667D00272D95 /* Project object */;
			proxyType = 1;
			remoteGlobalIDString = A98BF75B2D0A667D00272D95;
			remoteInfo = TaskDone;
		};
/* End PBXContainerItemProxy section */

/* Begin PBXFileReference section */
		A98BF75C2D0A667D00272D95 /* TaskDone.app */ = {isa = PBXFileReference; explicitFileType = wrapper.application; includeInIndex = 0; path = TaskDone.app; sourceTree = BUILT_PRODUCTS_DIR; };
		A98BF7712D0A667F00272D95 /* TaskDoneTests.xctest */ = {isa = PBXFileReference; explicitFileType = wrapper.cfbundle; includeInIndex = 0; path = TaskDoneTests.xctest; sourceTree = BUILT_PRODUCTS_DIR; };
		A98BF77B2D0A667F00272D95 /* TaskDoneUITests.xctest */ = {isa = PBXFileReference; explicitFileType = wrapper.cfbundle; includeInIndex = 0; path = TaskDoneUITests.xctest; sourceTree = BUILT_PRODUCTS_DIR; };
/* End PBXFileReference section */

/* Begin PBXFileSystemSynchronizedRootGroup section */
		A98BF75E2D0A667D00272D95 /* TaskDone */ = {
			isa = PBXFileSystemSynchronizedRootGroup;
			path = TaskDone;
			sourceTree = "<group>";
		};
		A98BF7742D0A667F00272D95 /* TaskDoneTests */ = {
			isa = PBXFileSystemSynchronizedRootGroup;
			path = TaskDoneTests;
			sourceTree = "<group>";
		};
		A98BF77E2D0A667F00272D95 /* TaskDoneUITests */ = {
			isa = PBXFileSystemSynchronizedRootGroup;
			path = TaskDoneUITests;
			sourceTree = "<group>";
		};
/* End PBXFileSystemSynchronizedRootGroup section */

/* Begin PBXFrameworksBuildPhase section */
		A98BF7592D0A667D00272D95 /* Frameworks */ = {
			isa = PBXFrameworksBuildPhase;
			buildActionMask = 2147483647;
			files = (
			);
			runOnlyForDeploymentPostprocessing = 0;
		};
		A98BF76E2D0A667F00272D95 /* Frameworks */ = {
			isa = PBXFrameworksBuildPhase;
			buildActionMask = 2147483647;
			files = (
			);
			runOnlyForDeploymentPostprocessing = 0;
		};
		A98BF7782D0A667F00272D95 /* Frameworks */ = {
			isa = PBXFrameworksBuildPhase;
			buildActionMask = 2147483647;
			files = (
			);
			runOnlyForDeploymentPostprocessing = 0;
		};
/* End PBXFrameworksBuildPhase section */

/* Begin PBXGroup section */
		A98BF7532D0A667D00272D95 = {
			isa = PBXGroup;
			children = (
				A98BF75E2D0A667D00272D95 /* TaskDone */,
				A98BF7742D0A667F00272D95 /* TaskDoneTests */,
				A98BF77E2D0A667F00272D95 /* TaskDoneUITests */,
				A98BF75D2D0A667D00272D95 /* Products */,
			);
			sourceTree = "<group>";
		};
		A98BF75D2D0A667D00272D95 /* Products */ = {
			isa = PBXGroup;
			children = (
				A98BF75C2D0A667D00272D95 /* TaskDone.app */,
				A98BF7712D0A667F00272D95 /* TaskDoneTests.xctest */,
				A98BF77B2D0A667F00272D95 /* TaskDoneUITests.xctest */,
			);
			name = Products;
			sourceTree = "<group>";
		};
/* End PBXGroup section */

/* Begin PBXNativeTarget section */
		A98BF75B2D0A667D00272D95 /* TaskDone */ = {
			isa = PBXNativeTarget;
			buildConfigurationList = A98BF7852D0A667F00272D95 /* Build configuration list for PBXNativeTarget "TaskDone" */;
			buildPhases = (
				A98BF7582D0A667D00272D95 /* Sources */,
				A98BF7592D0A667D00272D95 /* Frameworks */,
				A98BF75A2D0A667D00272D95 /* Resources */,
			);
			buildRules = (
			);
			dependencies = (
			);
			fileSystemSynchronizedGroups = (
				A98BF75E2D0A667D00272D95 /* TaskDone */,
			);
			name = TaskDone;
			packageProductDependencies = (
			);
			productName = TaskDone;
			productReference = A98BF75C2D0A667D00272D95 /* TaskDone.app */;
			productType = "com.apple.product-type.application";
		};
		A98BF7702D0A667F00272D95 /* TaskDoneTests */ = {
			isa = PBXNativeTarget;
			buildConfigurationList = A98BF7882D0A667F00272D95 /* Build configuration list for PBXNativeTarget "TaskDoneTests" */;
			buildPhases = (
				A98BF76D2D0A667F00272D95 /* Sources */,
				A98BF76E2D0A667F00272D95 /* Frameworks */,
				A98BF76F2D0A667F00272D95 /* Resources */,
			);
			buildRules = (
			);
			dependencies = (
				A98BF7732D0A667F00272D95 /* PBXTargetDependency */,
			);
			fileSystemSynchronizedGroups = (
				A98BF7742D0A667F00272D95 /* TaskDoneTests */,
			);
			name = TaskDoneTests;
			packageProductDependencies = (
			);
			productName = TaskDoneTests;
			productReference = A98BF7712D0A667F00272D95 /* TaskDoneTests.xctest */;
			productType = "com.apple.product-type.bundle.unit-test";
		};
		A98BF77A2D0A667F00272D95 /* TaskDoneUITests */ = {
			isa = PBXNativeTarget;
			buildConfigurationList = A98BF78B2D0A667F00272D95 /* Build configuration list for PBXNativeTarget "TaskDoneUITests" */;
			buildPhases = (
				A98BF7772D0A667F00272D95 /* Sources */,
				A98BF7782D0A667F00272D95 /* Frameworks */,
				A98BF7792D0A667F00272D95 /* Resources */,
			);
			buildRules = (
			);
			dependencies = (
				A98BF77D2D0A667F00272D95 /* PBXTargetDependency */,
			);
			fileSystemSynchronizedGroups = (
				A98BF77E2D0A667F00272D95 /* TaskDoneUITests */,
			);
			name = TaskDoneUITests;
			packageProductDependencies = (
			);
			productName = TaskDoneUITests;
			productReference = A98BF77B2D0A667F00272D95 /* TaskDoneUITests.xctest */;
			productType = "com.apple.product-type.bundle.ui-testing";
		};
/* End PBXNativeTarget section */

/* Begin PBXProject section */
		A98BF7542D0A667D00272D95 /* Project object */ = {
			isa = PBXProject;
			attributes = {
				BuildIndependentTargetsInParallel = 1;
				LastSwiftUpdateCheck = 1610;
				LastUpgradeCheck = 1610;
				TargetAttributes = {
					A98BF75B2D0A667D00272D95 = {
						CreatedOnToolsVersion = 16.1;
					};
					A98BF7702D0A667F00272D95 = {
						CreatedOnToolsVersion = 16.1;
						TestTargetID = A98BF75B2D0A667D00272D95;
					};
					A98BF77A2D0A667F00272D95 = {
						CreatedOnToolsVersion = 16.1;
						TestTargetID = A98BF75B2D0A667D00272D95;
					};
				};
			};
			buildConfigurationList = A98BF7572D0A667D00272D95 /* Build configuration list for PBXProject "TaskDone" */;
			developmentRegion = en;
			hasScannedForEncodings = 0;
			knownRegions = (
				en,
				"es-419",
				Base,
				temp,
			);
			mainGroup = A98BF7532D0A667D00272D95;
			minimizedProjectReferenceProxies = 1;
			preferredProjectObjectVersion = 77;
			productRefGroup = A98BF75D2D0A667D00272D95 /* Products */;
			projectDirPath = "";
			projectRoot = "";
			targets = (
				A98BF75B2D0A667D00272D95 /* TaskDone */,
				A98BF7702D0A667F00272D95 /* TaskDoneTests */,
				A98BF77A2D0A667F00272D95 /* TaskDoneUITests */,
			);
		};
/* End PBXProject section */

/* Begin PBXResourcesBuildPhase section */
		A98BF75A2D0A667D00272D95 /* Resources */ = {
			isa = PBXResourcesBuildPhase;
			buildActionMask = 2147483647;
			files = (
			);
			runOnlyForDeploymentPostprocessing = 0;
		};
		A98BF76F2D0A667F00272D95 /* Resources */ = {
			isa = PBXResourcesBuildPhase;
			buildActionMask = 2147483647;
			files = (
			);
			runOnlyForDeploymentPostprocessing = 0;
		};
		A98BF7792D0A667F00272D95 /* Resources */ = {
			isa = PBXResourcesBuildPhase;
			buildActionMask = 2147483647;
			files = (
			);
			runOnlyForDeploymentPostprocessing = 0;
		};
/* End PBXResourcesBuildPhase section */

/* Begin PBXSourcesBuildPhase section */
		A98BF7582D0A667D00272D95 /* Sources */ = {
			isa = PBXSourcesBuildPhase;
			buildActionMask = 2147483647;
			files = (
			);
			runOnlyForDeploymentPostprocessing = 0;
		};
		A98BF76D2D0A667F00272D95 /* Sources */ = {
			isa = PBXSourcesBuildPhase;
			buildActionMask = 2147483647;
			files = (
			);
			runOnlyForDeploymentPostprocessing = 0;
		};
		A98BF7772D0A667F00272D95 /* Sources */ = {
			isa = PBXSourcesBuildPhase;
			buildActionMask = 2147483647;
			files = (
			);
			runOnlyForDeploymentPostprocessing = 0;
		};
/* End PBXSourcesBuildPhase section */

/* Begin PBXTargetDependency section */
		A98BF7732D0A667F00272D95 /* PBXTargetDependency */ = {
			isa = PBXTargetDependency;
			target = A98BF75B2D0A667D00272D95 /* TaskDone */;
			targetProxy = A98BF7722D0A667F00272D95 /* PBXContainerItemProxy */;
		};
		A98BF77D2D0A667F00272D95 /* PBXTargetDependency */ = {
			isa = PBXTargetDependency;
			target = A98BF75B2D0A667D00272D95 /* TaskDone */;
			targetProxy = A98BF77C2D0A667F00272D95 /* PBXContainerItemProxy */;
		};
/* End PBXTargetDependency section */

/* Begin XCBuildConfiguration section */
		A98BF7832D0A667F00272D95 /* Debug */ = {
			isa = XCBuildConfiguration;
			buildSettings = {
				ALWAYS_SEARCH_USER_PATHS = NO;
				ASSETCATALOG_COMPILER_GENERATE_SWIFT_ASSET_SYMBOL_EXTENSIONS = YES;
				CLANG_ANALYZER_NONNULL = YES;
				CLANG_ANALYZER_NUMBER_OBJECT_CONVERSION = YES_AGGRESSIVE;
				CLANG_CXX_LANGUAGE_STANDARD = "gnu++20";
				CLANG_ENABLE_MODULES = YES;
				CLANG_ENABLE_OBJC_ARC = YES;
				CLANG_ENABLE_OBJC_WEAK = YES;
				CLANG_WARN_BLOCK_CAPTURE_AUTORELEASING = YES;
				CLANG_WARN_BOOL_CONVERSION = YES;
				CLANG_WARN_COMMA = YES;
				CLANG_WARN_CONSTANT_CONVERSION = YES;
				CLANG_WARN_DEPRECATED_OBJC_IMPLEMENTATIONS = YES;
				CLANG_WARN_DIRECT_OBJC_ISA_USAGE = YES_ERROR;
				CLANG_WARN_DOCUMENTATION_COMMENTS = YES;
				CLANG_WARN_EMPTY_BODY = YES;
				CLANG_WARN_ENUM_CONVERSION = YES;
				CLANG_WARN_INFINITE_RECURSION = YES;
				CLANG_WARN_INT_CONVERSION = YES;
				CLANG_WARN_NON_LITERAL_NULL_CONVERSION = YES;
				CLANG_WARN_OBJC_IMPLICIT_RETAIN_SELF = YES;
				CLANG_WARN_OBJC_LITERAL_CONVERSION = YES;
				CLANG_WARN_OBJC_ROOT_CLASS = YES_ERROR;
				CLANG_WARN_QUOTED_INCLUDE_IN_FRAMEWORK_HEADER = YES;
				CLANG_WARN_RANGE_LOOP_ANALYSIS = YES;
				CLANG_WARN_STRICT_PROTOTYPES = YES;
				CLANG_WARN_SUSPICIOUS_MOVE = YES;
				CLANG_WARN_UNGUARDED_AVAILABILITY = YES_AGGRESSIVE;
				CLANG_WARN_UNREACHABLE_CODE = YES;
				CLANG_WARN__DUPLICATE_METHOD_MATCH = YES;
				COPY_PHASE_STRIP = NO;
				DEBUG_INFORMATION_FORMAT = dwarf;
				ENABLE_STRICT_OBJC_MSGSEND = YES;
				ENABLE_TESTABILITY = YES;
				ENABLE_USER_SCRIPT_SANDBOXING = YES;
				GCC_C_LANGUAGE_STANDARD = gnu17;
				GCC_DYNAMIC_NO_PIC = NO;
				GCC_NO_COMMON_BLOCKS = YES;
				GCC_OPTIMIZATION_LEVEL = 0;
				GCC_PREPROCESSOR_DEFINITIONS = (
					"DEBUG=1",
					"$(inherited)",
				);
				GCC_WARN_64_TO_32_BIT_CONVERSION = YES;
				GCC_WARN_ABOUT_RETURN_TYPE = YES_ERROR;
				GCC_WARN_UNDECLARED_SELECTOR = YES;
				GCC_WARN_UNINITIALIZED_AUTOS = YES_AGGRESSIVE;
				GCC_WARN_UNUSED_FUNCTION = YES;
				GCC_WARN_UNUSED_VARIABLE = YES;
				IPHONEOS_DEPLOYMENT_TARGET = 18.1;
				LOCALIZATION_PREFERS_STRING_CATALOGS = YES;
				MTL_ENABLE_DEBUG_INFO = INCLUDE_SOURCE;
				MTL_FAST_MATH = YES;
				ONLY_ACTIVE_ARCH = YES;
				SDKROOT = iphoneos;
				SWIFT_ACTIVE_COMPILATION_CONDITIONS = "DEBUG $(inherited)";
				SWIFT_OPTIMIZATION_LEVEL = "-Onone";
			};
			name = Debug;
		};
		A98BF7842D0A667F00272D95 /* Release */ = {
			isa = XCBuildConfiguration;
			buildSettings = {
				ALWAYS_SEARCH_USER_PATHS = NO;
				ASSETCATALOG_COMPILER_GENERATE_SWIFT_ASSET_SYMBOL_EXTENSIONS = YES;
				CLANG_ANALYZER_NONNULL = YES;
				CLANG_ANALYZER_NUMBER_OBJECT_CONVERSION = YES_AGGRESSIVE;
				CLANG_CXX_LANGUAGE_STANDARD = "gnu++20";
				CLANG_ENABLE_MODULES = YES;
				CLANG_ENABLE_OBJC_ARC = YES;
				CLANG_ENABLE_OBJC_WEAK = YES;
				CLANG_WARN_BLOCK_CAPTURE_AUTORELEASING = YES;
				CLANG_WARN_BOOL_CONVERSION = YES;
				CLANG_WARN_COMMA = YES;
				CLANG_WARN_CONSTANT_CONVERSION = YES;
				CLANG_WARN_DEPRECATED_OBJC_IMPLEMENTATIONS = YES;
				CLANG_WARN_DIRECT_OBJC_ISA_USAGE = YES_ERROR;
				CLANG_WARN_DOCUMENTATION_COMMENTS = YES;
				CLANG_WARN_EMPTY_BODY = YES;
				CLANG_WARN_ENUM_CONVERSION = YES;
				CLANG_WARN_INFINITE_RECURSION = YES;
				CLANG_WARN_INT_CONVERSION = YES;
				CLANG_WARN_NON_LITERAL_NULL_CONVERSION = YES;
				CLANG_WARN_OBJC_IMPLICIT_RETAIN_SELF = YES;
				CLANG_WARN_OBJC_LITERAL_CONVERSION = YES;
				CLANG_WARN_OBJC_ROOT_CLASS = YES_ERROR;
				CLANG_WARN_QUOTED_INCLUDE_IN_FRAMEWORK_HEADER = YES;
				CLANG_WARN_RANGE_LOOP_ANALYSIS = YES;
				CLANG_WARN_STRICT_PROTOTYPES = YES;
				CLANG_WARN_SUSPICIOUS_MOVE = YES;
				CLANG_WARN_UNGUARDED_AVAILABILITY = YES_AGGRESSIVE;
				CLANG_WARN_UNREACHABLE_CODE = YES;
				CLANG_WARN__DUPLICATE_METHOD_MATCH = YES;
				COPY_PHASE_STRIP = NO;
				DEBUG_INFORMATION_FORMAT = "dwarf-with-dsym";
				ENABLE_NS_ASSERTIONS = NO;
				ENABLE_STRICT_OBJC_MSGSEND = YES;
				ENABLE_USER_SCRIPT_SANDBOXING = YES;
				GCC_C_LANGUAGE_STANDARD = gnu17;
				GCC_NO_COMMON_BLOCKS = YES;
				GCC_WARN_64_TO_32_BIT_CONVERSION = YES;
				GCC_WARN_ABOUT_RETURN_TYPE = YES_ERROR;
				GCC_WARN_UNDECLARED_SELECTOR = YES;
				GCC_WARN_UNINITIALIZED_AUTOS = YES_AGGRESSIVE;
				GCC_WARN_UNUSED_FUNCTION = YES;
				GCC_WARN_UNUSED_VARIABLE = YES;
				IPHONEOS_DEPLOYMENT_TARGET = 18.1;
				LOCALIZATION_PREFERS_STRING_CATALOGS = YES;
				MTL_ENABLE_DEBUG_INFO = NO;
				MTL_FAST_MATH = YES;
				SDKROOT = iphoneos;
				SWIFT_COMPILATION_MODE = wholemodule;
				VALIDATE_PRODUCT = YES;
			};
			name = Release;
		};
		A98BF7862D0A667F00272D95 /* Debug */ = {
			isa = XCBuildConfiguration;
			buildSettings = {
				ASSETCATALOG_COMPILER_APPICON_NAME = AppIcon;
				ASSETCATALOG_COMPILER_GLOBAL_ACCENT_COLOR_NAME = AccentColor;
				CODE_SIGN_STYLE = Automatic;
				CURRENT_PROJECT_VERSION = 1;
				DEVELOPMENT_ASSET_PATHS = "\"TaskDone/Preview Content\"";
				DEVELOPMENT_TEAM = U4C57DZC96;
				ENABLE_PREVIEWS = YES;
				GENERATE_INFOPLIST_FILE = YES;
				INFOPLIST_KEY_UIApplicationSceneManifest_Generation = YES;
				INFOPLIST_KEY_UIApplicationSupportsIndirectInputEvents = YES;
				INFOPLIST_KEY_UILaunchScreen_Generation = YES;
				INFOPLIST_KEY_UISupportedInterfaceOrientations_iPad = "UIInterfaceOrientationPortrait UIInterfaceOrientationPortraitUpsideDown UIInterfaceOrientationLandscapeLeft UIInterfaceOrientationLandscapeRight";
				INFOPLIST_KEY_UISupportedInterfaceOrientations_iPhone = "UIInterfaceOrientationPortrait UIInterfaceOrientationLandscapeLeft UIInterfaceOrientationLandscapeRight";
				LD_RUNPATH_SEARCH_PATHS = (
					"$(inherited)",
					"@executable_path/Frameworks",
				);
				MARKETING_VERSION = 1.0;
				PRODUCT_BUNDLE_IDENTIFIER = AlexChavarB.TaskDone;
				PRODUCT_NAME = "$(TARGET_NAME)";
				SWIFT_EMIT_LOC_STRINGS = YES;
				SWIFT_VERSION = 5.0;
				TARGETED_DEVICE_FAMILY = "1,2";
			};
			name = Debug;
		};
		A98BF7872D0A667F00272D95 /* Release */ = {
			isa = XCBuildConfiguration;
			buildSettings = {
				ASSETCATALOG_COMPILER_APPICON_NAME = AppIcon;
				ASSETCATALOG_COMPILER_GLOBAL_ACCENT_COLOR_NAME = AccentColor;
				CODE_SIGN_STYLE = Automatic;
				CURRENT_PROJECT_VERSION = 1;
				DEVELOPMENT_ASSET_PATHS = "\"TaskDone/Preview Content\"";
				DEVELOPMENT_TEAM = U4C57DZC96;
				ENABLE_PREVIEWS = YES;
				GENERATE_INFOPLIST_FILE = YES;
				INFOPLIST_KEY_UIApplicationSceneManifest_Generation = YES;
				INFOPLIST_KEY_UIApplicationSupportsIndirectInputEvents = YES;
				INFOPLIST_KEY_UILaunchScreen_Generation = YES;
				INFOPLIST_KEY_UISupportedInterfaceOrientations_iPad = "UIInterfaceOrientationPortrait UIInterfaceOrientationPortraitUpsideDown UIInterfaceOrientationLandscapeLeft UIInterfaceOrientationLandscapeRight";
				INFOPLIST_KEY_UISupportedInterfaceOrientations_iPhone = "UIInterfaceOrientationPortrait UIInterfaceOrientationLandscapeLeft UIInterfaceOrientationLandscapeRight";
				LD_RUNPATH_SEARCH_PATHS = (
					"$(inherited)",
					"@executable_path/Frameworks",
				);
				MARKETING_VERSION = 1.0;
				PRODUCT_BUNDLE_IDENTIFIER = AlexChavarB.TaskDone;
				PRODUCT_NAME = "$(TARGET_NAME)";
				SWIFT_EMIT_LOC_STRINGS = YES;
				SWIFT_VERSION = 5.0;
				TARGETED_DEVICE_FAMILY = "1,2";
			};
			name = Release;
		};
		A98BF7892D0A667F00272D95 /* Debug */ = {
			isa = XCBuildConfiguration;
			buildSettings = {
				BUNDLE_LOADER = "$(TEST_HOST)";
				CODE_SIGN_STYLE = Automatic;
				CURRENT_PROJECT_VERSION = 1;
				DEVELOPMENT_TEAM = U4C57DZC96;
				GENERATE_INFOPLIST_FILE = YES;
				IPHONEOS_DEPLOYMENT_TARGET = 18.1;
				MARKETING_VERSION = 1.0;
				PRODUCT_BUNDLE_IDENTIFIER = AlexChavarB.TaskDoneTests;
				PRODUCT_NAME = "$(TARGET_NAME)";
				SWIFT_EMIT_LOC_STRINGS = NO;
				SWIFT_VERSION = 5.0;
				TARGETED_DEVICE_FAMILY = "1,2";
				TEST_HOST = "$(BUILT_PRODUCTS_DIR)/TaskDone.app/$(BUNDLE_EXECUTABLE_FOLDER_PATH)/TaskDone";
			};
			name = Debug;
		};
		A98BF78A2D0A667F00272D95 /* Release */ = {
			isa = XCBuildConfiguration;
			buildSettings = {
				BUNDLE_LOADER = "$(TEST_HOST)";
				CODE_SIGN_STYLE = Automatic;
				CURRENT_PROJECT_VERSION = 1;
				DEVELOPMENT_TEAM = U4C57DZC96;
				GENERATE_INFOPLIST_FILE = YES;
				IPHONEOS_DEPLOYMENT_TARGET = 18.1;
				MARKETING_VERSION = 1.0;
				PRODUCT_BUNDLE_IDENTIFIER = AlexChavarB.TaskDoneTests;
				PRODUCT_NAME = "$(TARGET_NAME)";
				SWIFT_EMIT_LOC_STRINGS = NO;
				SWIFT_VERSION = 5.0;
				TARGETED_DEVICE_FAMILY = "1,2";
				TEST_HOST = "$(BUILT_PRODUCTS_DIR)/TaskDone.app/$(BUNDLE_EXECUTABLE_FOLDER_PATH)/TaskDone";
			};
			name = Release;
		};
		A98BF78C2D0A667F00272D95 /* Debug */ = {
			isa = XCBuildConfiguration;
			buildSettings = {
				CODE_SIGN_STYLE = Automatic;
				CURRENT_PROJECT_VERSION = 1;
				DEVELOPMENT_TEAM = U4C57DZC96;
				GENERATE_INFOPLIST_FILE = YES;
				MARKETING_VERSION = 1.0;
				PRODUCT_BUNDLE_IDENTIFIER = AlexChavarB.TaskDoneUITests;
				PRODUCT_NAME = "$(TARGET_NAME)";
				SWIFT_EMIT_LOC_STRINGS = NO;
				SWIFT_VERSION = 5.0;
				TARGETED_DEVICE_FAMILY = "1,2";
				TEST_TARGET_NAME = TaskDone;
			};
			name = Debug;
		};
		A98BF78D2D0A667F00272D95 /* Release */ = {
			isa = XCBuildConfiguration;
			buildSettings = {
				CODE_SIGN_STYLE = Automatic;
				CURRENT_PROJECT_VERSION = 1;
				DEVELOPMENT_TEAM = U4C57DZC96;
				GENERATE_INFOPLIST_FILE = YES;
				MARKETING_VERSION = 1.0;
				PRODUCT_BUNDLE_IDENTIFIER = AlexChavarB.TaskDoneUITests;
				PRODUCT_NAME = "$(TARGET_NAME)";
				SWIFT_EMIT_LOC_STRINGS = NO;
				SWIFT_VERSION = 5.0;
				TARGETED_DEVICE_FAMILY = "1,2";
				TEST_TARGET_NAME = TaskDone;
			};
			name = Release;
		};
/* End XCBuildConfiguration section */

/* Begin XCConfigurationList section */
		A98BF7572D0A667D00272D95 /* Build configuration list for PBXProject "TaskDone" */ = {
			isa = XCConfigurationList;
			buildConfigurations = (
				A98BF7832D0A667F00272D95 /* Debug */,
				A98BF7842D0A667F00272D95 /* Release */,
			);
			defaultConfigurationIsVisible = 0;
			defaultConfigurationName = Release;
		};
		A98BF7852D0A667F00272D95 /* Build configuration list for PBXNativeTarget "TaskDone" */ = {
			isa = XCConfigurationList;
			buildConfigurations = (
				A98BF7862D0A667F00272D95 /* Debug */,
				A98BF7872D0A667F00272D95 /* Release */,
			);
			defaultConfigurationIsVisible = 0;
			defaultConfigurationName = Release;
		};
		A98BF7882D0A667F00272D95 /* Build configuration list for PBXNativeTarget "TaskDoneTests" */ = {
			isa = XCConfigurationList;
			buildConfigurations = (
				A98BF7892D0A667F00272D95 /* Debug */,
				A98BF78A2D0A667F00272D95 /* Release */,
			);
			defaultConfigurationIsVisible = 0;
			defaultConfigurationName = Release;
		};
		A98BF78B2D0A667F00272D95 /* Build configuration list for PBXNativeTarget "TaskDoneUITests" */ = {
			isa = XCConfigurationList;
			buildConfigurations = (
				A98BF78C2D0A667F00272D95 /* Debug */,
				A98BF78D2D0A667F00272D95 /* Release */,
			);
			defaultConfigurationIsVisible = 0;
			defaultConfigurationName = Release;
		};
/* End XCConfigurationList section */
	};
	rootObject = A98BF7542D0A667D00272D95 /* Project object */;
}
